
Microsoft Visual Studio Solution File, Format Version 12.00
# Visual Studio Version 17
VisualStudioVersion = 17.14.36127.28 d17.14
MinimumVisualStudioVersion = 10.0.40219.1
Project("{FAE04EC0-301F-11D3-BF4B-00C04F79EFBC}") = "Windows FORM", "Windows FORM\Windows FORM.csproj", "{A0566A91-6529-435A-9D30-20AB59F3959D}"
EndProject
Global
	GlobalSection(SolutionConfigurationPlatforms) = preSolution
		Debug|Any CPU = Debug|Any CPU
		Release|Any CPU = Release|Any CPU
	EndGlobalSection
	GlobalSection(ProjectConfigurationPlatforms) = postSolution
		{A0566A91-6529-435A-9D30-20AB59F3959D}.Debug|Any CPU.ActiveCfg = Debug|Any CPU
		{A0566A91-6529-435A-9D30-20AB59F3959D}.Debug|Any CPU.Build.0 = Debug|Any CPU
		{A0566A91-6529-435A-9D30-20AB59F3959D}.Release|Any CPU.ActiveCfg = Release|Any CPU
		{A0566A91-6529-435A-9D30-20AB59F3959D}.Release|Any CPU.Build.0 = Release|Any CPU
	EndGlobalSection
	GlobalSection(SolutionProperties) = preSolution
		HideSolutionNode = FALSE
	EndGlobalSection
	GlobalSection(ExtensibilityGlobals) = postSolution
		SolutionGuid = {021629D6-A3FC-45C6-90EC-A5298CE75A2E}
	EndGlobalSection
EndGlobal
